
Microsoft Visual Studio Solution File, Format Version 12.00
# Visual Studio Version 17
VisualStudioVersion = 17.0.31903.59
MinimumVisualStudioVersion = 10.0.40219.1
Project("{FAE04EC0-301F-11D3-BF4B-00C04F79EFBC}") = "Alma.Abstraction", "Alma.Abstraction\Alma.Abstraction.csproj", "{49A2563D-8D89-4B2A-A81E-39A50F5B0C25}"
EndProject
Project("{FAE04EC0-301F-11D3-BF4B-00C04F79EFBC}") = "Alma.App", "Alma.App\Alma.App.csproj", "{6FBB9920-A249-41AE-8CE2-5D2A4FF3B551}"
EndProject
Project("{FAE04EC0-301F-11D3-BF4B-00C04F79EFBC}") = "Alma", "Alma\Alma.csproj", "{23157A6F-C737-4ED4-B36B-BFE3EA31EAF1}"
EndProject
Project("{FAE04EC0-301F-11D3-BF4B-00C04F79EFBC}") = "Alma.Logging", "Alma.Logging\Alma.Logging.csproj", "{295330FF-A52A-4BA5-8CC0-BD7D4F048171}"
EndProject
Global
	GlobalSection(SolutionConfigurationPlatforms) = preSolution
		Debug|Any CPU = Debug|Any CPU
		Release|Any CPU = Release|Any CPU
	EndGlobalSection
	GlobalSection(SolutionProperties) = preSolution
		HideSolutionNode = FALSE
	EndGlobalSection
	GlobalSection(ProjectConfigurationPlatforms) = postSolution
		{49A2563D-8D89-4B2A-A81E-39A50F5B0C25}.Debug|Any CPU.ActiveCfg = Debug|Any CPU
		{49A2563D-8D89-4B2A-A81E-39A50F5B0C25}.Debug|Any CPU.Build.0 = Debug|Any CPU
		{49A2563D-8D89-4B2A-A81E-39A50F5B0C25}.Release|Any CPU.ActiveCfg = Release|Any CPU
		{49A2563D-8D89-4B2A-A81E-39A50F5B0C25}.Release|Any CPU.Build.0 = Release|Any CPU
		{6FBB9920-A249-41AE-8CE2-5D2A4FF3B551}.Debug|Any CPU.ActiveCfg = Debug|Any CPU
		{6FBB9920-A249-41AE-8CE2-5D2A4FF3B551}.Debug|Any CPU.Build.0 = Debug|Any CPU
		{6FBB9920-A249-41AE-8CE2-5D2A4FF3B551}.Release|Any CPU.ActiveCfg = Release|Any CPU
		{6FBB9920-A249-41AE-8CE2-5D2A4FF3B551}.Release|Any CPU.Build.0 = Release|Any CPU
		{23157A6F-C737-4ED4-B36B-BFE3EA31EAF1}.Debug|Any CPU.ActiveCfg = Debug|Any CPU
		{23157A6F-C737-4ED4-B36B-BFE3EA31EAF1}.Debug|Any CPU.Build.0 = Debug|Any CPU
		{23157A6F-C737-4ED4-B36B-BFE3EA31EAF1}.Release|Any CPU.ActiveCfg = Release|Any CPU
		{23157A6F-C737-4ED4-B36B-BFE3EA31EAF1}.Release|Any CPU.Build.0 = Release|Any CPU
		{295330FF-A52A-4BA5-8CC0-BD7D4F048171}.Debug|Any CPU.ActiveCfg = Debug|Any CPU
		{295330FF-A52A-4BA5-8CC0-BD7D4F048171}.Debug|Any CPU.Build.0 = Debug|Any CPU
		{295330FF-A52A-4BA5-8CC0-BD7D4F048171}.Release|Any CPU.ActiveCfg = Release|Any CPU
		{295330FF-A52A-4BA5-8CC0-BD7D4F048171}.Release|Any CPU.Build.0 = Release|Any CPU
	EndGlobalSection
EndGlobal
